
Microsoft Visual Studio Solution File, Format Version 12.00
# Visual Studio Version 17
VisualStudioVersion = 17.0.32002.185
MinimumVisualStudioVersion = 10.0.40219.1
Project("{FAE04EC0-301F-11D3-BF4B-00C04F79EFBC}") = "TimesheetAPI", "TimesheetAPI\TimesheetAPI.csproj", "{DF134A79-B8E4-4BEC-987A-4CD65C1EC403}"
EndProject
Global
	GlobalSection(SolutionConfigurationPlatforms) = preSolution
		Debug|Any CPU = Debug|Any CPU
		Release|Any CPU = Release|Any CPU
	EndGlobalSection
	GlobalSection(ProjectConfigurationPlatforms) = postSolution
		{DF134A79-B8E4-4BEC-987A-4CD65C1EC403}.Debug|Any CPU.ActiveCfg = Debug|Any CPU
		{DF134A79-B8E4-4BEC-987A-4CD65C1EC403}.Debug|Any CPU.Build.0 = Debug|Any CPU
		{DF134A79-B8E4-4BEC-987A-4CD65C1EC403}.Release|Any CPU.ActiveCfg = Release|Any CPU
		{DF134A79-B8E4-4BEC-987A-4CD65C1EC403}.Release|Any CPU.Build.0 = Release|Any CPU
	EndGlobalSection
	GlobalSection(SolutionProperties) = preSolution
		HideSolutionNode = FALSE
	EndGlobalSection
	GlobalSection(ExtensibilityGlobals) = postSolution
		SolutionGuid = {38C3FC22-6E9B-426E-8B44-D5CB2B9D89B0}
	EndGlobalSection
EndGlobal
